
Microsoft Visual Studio Solution File, Format Version 12.00
# Visual Studio 2013
VisualStudioVersion = 12.0.21005.1
MinimumVisualStudioVersion = 10.0.40219.1
Project("{FAE04EC0-301F-11D3-BF4B-00C04F79EFBC}") = "TeduShop.Common", "TeduShop.Common\TeduShop.Common.csproj", "{7AAD7D0B-695E-402E-95D1-DA398644095F}"
EndProject
Project("{FAE04EC0-301F-11D3-BF4B-00C04F79EFBC}") = "TeduShop.Service", "TeduShop.Service\TeduShop.Service.csproj", "{A59502A0-DB33-4DBC-B667-118F00CE12E9}"
EndProject
Project("{FAE04EC0-301F-11D3-BF4B-00C04F79EFBC}") = "TeduShop.UnitTest", "TeduShop.UnitTest\TeduShop.UnitTest.csproj", "{ED677058-3534-4633-9AEC-F74A934C8DDD}"
EndProject
Project("{FAE04EC0-301F-11D3-BF4B-00C04F79EFBC}") = "TeduShop.Web", "TeduShop.Web\TeduShop.Web.csproj", "{BCA259D3-6E9C-4D98-A0F3-92A65B811F3C}"
EndProject
Project("{FAE04EC0-301F-11D3-BF4B-00C04F79EFBC}") = "TeduShop.Data", "TeduShop.Data\TeduShop.Data.csproj", "{CE7F5E2C-7B81-4610-9851-3D31CB392196}"
EndProject
Project("{FAE04EC0-301F-11D3-BF4B-00C04F79EFBC}") = "TeduShop.Model", "TeduShop.Model\TeduShop.Model.csproj", "{49ED67E8-4E2E-46EC-A988-44879F1915B3}"
EndProject
Global
	GlobalSection(SolutionConfigurationPlatforms) = preSolution
		Debug|Any CPU = Debug|Any CPU
		Release|Any CPU = Release|Any CPU
	EndGlobalSection
	GlobalSection(ProjectConfigurationPlatforms) = postSolution
		{7AAD7D0B-695E-402E-95D1-DA398644095F}.Debug|Any CPU.ActiveCfg = Debug|Any CPU
		{7AAD7D0B-695E-402E-95D1-DA398644095F}.Debug|Any CPU.Build.0 = Debug|Any CPU
		{7AAD7D0B-695E-402E-95D1-DA398644095F}.Release|Any CPU.ActiveCfg = Release|Any CPU
		{7AAD7D0B-695E-402E-95D1-DA398644095F}.Release|Any CPU.Build.0 = Release|Any CPU
		{A59502A0-DB33-4DBC-B667-118F00CE12E9}.Debug|Any CPU.ActiveCfg = Debug|Any CPU
		{A59502A0-DB33-4DBC-B667-118F00CE12E9}.Debug|Any CPU.Build.0 = Debug|Any CPU
		{A59502A0-DB33-4DBC-B667-118F00CE12E9}.Release|Any CPU.ActiveCfg = Release|Any CPU
		{A59502A0-DB33-4DBC-B667-118F00CE12E9}.Release|Any CPU.Build.0 = Release|Any CPU
		{ED677058-3534-4633-9AEC-F74A934C8DDD}.Debug|Any CPU.ActiveCfg = Debug|Any CPU
		{ED677058-3534-4633-9AEC-F74A934C8DDD}.Debug|Any CPU.Build.0 = Debug|Any CPU
		{ED677058-3534-4633-9AEC-F74A934C8DDD}.Release|Any CPU.ActiveCfg = Release|Any CPU
		{ED677058-3534-4633-9AEC-F74A934C8DDD}.Release|Any CPU.Build.0 = Release|Any CPU
		{BCA259D3-6E9C-4D98-A0F3-92A65B811F3C}.Debug|Any CPU.ActiveCfg = Debug|Any CPU
		{BCA259D3-6E9C-4D98-A0F3-92A65B811F3C}.Debug|Any CPU.Build.0 = Debug|Any CPU
		{BCA259D3-6E9C-4D98-A0F3-92A65B811F3C}.Release|Any CPU.ActiveCfg = Release|Any CPU
		{BCA259D3-6E9C-4D98-A0F3-92A65B811F3C}.Release|Any CPU.Build.0 = Release|Any CPU
		{CE7F5E2C-7B81-4610-9851-3D31CB392196}.Debug|Any CPU.ActiveCfg = Debug|Any CPU
		{CE7F5E2C-7B81-4610-9851-3D31CB392196}.Debug|Any CPU.Build.0 = Debug|Any CPU
		{CE7F5E2C-7B81-4610-9851-3D31CB392196}.Release|Any CPU.ActiveCfg = Release|Any CPU
		{CE7F5E2C-7B81-4610-9851-3D31CB392196}.Release|Any CPU.Build.0 = Release|Any CPU
		{49ED67E8-4E2E-46EC-A988-44879F1915B3}.Debug|Any CPU.ActiveCfg = Debug|Any CPU
		{49ED67E8-4E2E-46EC-A988-44879F1915B3}.Debug|Any CPU.Build.0 = Debug|Any CPU
		{49ED67E8-4E2E-46EC-A988-44879F1915B3}.Release|Any CPU.ActiveCfg = Release|Any CPU
		{49ED67E8-4E2E-46EC-A988-44879F1915B3}.Release|Any CPU.Build.0 = Release|Any CPU
	EndGlobalSection
	GlobalSection(SolutionProperties) = preSolution
		HideSolutionNode = FALSE
	EndGlobalSection
EndGlobal
